
Microsoft Visual Studio Solution File, Format Version 12.00
# Visual Studio Version 16
VisualStudioVersion = 16.0.29102.190
MinimumVisualStudioVersion = 10.0.40219.1
Project("{8BC9CEB8-8B4A-11D0-8D11-00A0C91BC942}") = "ProtoKeyboard", "ProtoKeyboard.vcxproj", "{9EC07766-E4A2-453A-90F1-136046BF2772}"
EndProject
Global
	GlobalSection(SolutionConfigurationPlatforms) = preSolution
		Debug|x64 = Debug|x64
		Release|x64 = Release|x64
	EndGlobalSection
	GlobalSection(ProjectConfigurationPlatforms) = postSolution
		{9EC07766-E4A2-453A-90F1-136046BF2772}.Debug|x64.ActiveCfg = Debug|x64
		{9EC07766-E4A2-453A-90F1-136046BF2772}.Debug|x64.Build.0 = Debug|x64
		{9EC07766-E4A2-453A-90F1-136046BF2772}.Release|x64.ActiveCfg = Release|x64
		{9EC07766-E4A2-453A-90F1-136046BF2772}.Release|x64.Build.0 = Release|x64
	EndGlobalSection
	GlobalSection(SolutionProperties) = preSolution
		HideSolutionNode = FALSE
	EndGlobalSection
	GlobalSection(ExtensibilityGlobals) = postSolution
		SolutionGuid = {03358D8B-DEFF-4D96-974E-03ABC421BFDD}
	EndGlobalSection
EndGlobal
